// !$*UTF8*$!
{
	archiveVersion = 1;
	classes = {
	};
	objectVersion = 50;
	objects = {

/* Begin PBXBuildFile section */
		FF1B523C22099C1B00BB3F03 /* LaneNode.swift in Sources */ = {isa = PBXBuildFile; fileRef = FF1B523B22099C1B00BB3F03 /* LaneNode.swift */; };
		FF1B523E22099FD800BB3F03 /* Utils.swift in Sources */ = {isa = PBXBuildFile; fileRef = FF1B523D22099FD800BB3F03 /* Utils.swift */; };
		FF1B52402209C6D600BB3F03 /* CollisionNode.swift in Sources */ = {isa = PBXBuildFile; fileRef = FF1B523F2209C6D600BB3F03 /* CollisionNode.swift */; };
		FF1B52422209D26A00BB3F03 /* 8-BIT WONDER.TTF in Resources */ = {isa = PBXBuildFile; fileRef = FF1B52412209D25800BB3F03 /* 8-BIT WONDER.TTF */; };
		FF1B52442209D2C200BB3F03 /* GameHUD.swift in Sources */ = {isa = PBXBuildFile; fileRef = FF1B52432209D2C200BB3F03 /* GameHUD.swift */; };
		FF9B5B6F22085C1B0022B945 /* AppDelegate.swift in Sources */ = {isa = PBXBuildFile; fileRef = FF9B5B6E22085C1B0022B945 /* AppDelegate.swift */; };
		FF9B5B7122085C1B0022B945 /* art.scnassets in Resources */ = {isa = PBXBuildFile; fileRef = FF9B5B7022085C1B0022B945 /* art.scnassets */; };
		FF9B5B7322085C1B0022B945 /* GameViewController.swift in Sources */ = {isa = PBXBuildFile; fileRef = FF9B5B7222085C1B0022B945 /* GameViewController.swift */; };
		FF9B5B7622085C1B0022B945 /* Main.storyboard in Resources */ = {isa = PBXBuildFile; fileRef = FF9B5B7422085C1B0022B945 /* Main.storyboard */; };
		FF9B5B7822085C1C0022B945 /* Assets.xcassets in Resources */ = {isa = PBXBuildFile; fileRef = FF9B5B7722085C1C0022B945 /* Assets.xcassets */; };
		FF9B5B7B22085C1C0022B945 /* LaunchScreen.storyboard in Resources */ = {isa = PBXBuildFile; fileRef = FF9B5B7922085C1C0022B945 /* LaunchScreen.storyboard */; };
/* End PBXBuildFile section */

/* Begin PBXFileReference section */
		FF1B523B22099C1B00BB3F03 /* LaneNode.swift */ = {isa = PBXFileReference; lastKnownFileType = sourcecode.swift; path = LaneNode.swift; sourceTree = "<group>"; };
		FF1B523D22099FD800BB3F03 /* Utils.swift */ = {isa = PBXFileReference; lastKnownFileType = sourcecode.swift; path = Utils.swift; sourceTree = "<group>"; };
		FF1B523F2209C6D600BB3F03 /* CollisionNode.swift */ = {isa = PBXFileReference; lastKnownFileType = sourcecode.swift; path = CollisionNode.swift; sourceTree = "<group>"; };
		FF1B52412209D25800BB3F03 /* 8-BIT WONDER.TTF */ = {isa = PBXFileReference; lastKnownFileType = file; path = "8-BIT WONDER.TTF"; sourceTree = "<group>"; };
		FF1B52432209D2C200BB3F03 /* GameHUD.swift */ = {isa = PBXFileReference; lastKnownFileType = sourcecode.swift; path = GameHUD.swift; sourceTree = "<group>"; };
		FF9B5B6B22085C1B0022B945 /* JumpyLane.app */ = {isa = PBXFileReference; explicitFileType = wrapper.application; includeInIndex = 0; path = JumpyLane.app; sourceTree = BUILT_PRODUCTS_DIR; };
		FF9B5B6E22085C1B0022B945 /* AppDelegate.swift */ = {isa = PBXFileReference; lastKnownFileType = sourcecode.swift; path = AppDelegate.swift; sourceTree = "<group>"; };
		FF9B5B7022085C1B0022B945 /* art.scnassets */ = {isa = PBXFileReference; lastKnownFileType = wrapper.scnassets; path = art.scnassets; sourceTree = "<group>"; };
		FF9B5B7222085C1B0022B945 /* GameViewController.swift */ = {isa = PBXFileReference; lastKnownFileType = sourcecode.swift; path = GameViewController.swift; sourceTree = "<group>"; };
		FF9B5B7522085C1B0022B945 /* Base */ = {isa = PBXFileReference; lastKnownFileType = file.storyboard; name = Base; path = Base.lproj/Main.storyboard; sourceTree = "<group>"; };
		FF9B5B7722085C1C0022B945 /* Assets.xcassets */ = {isa = PBXFileReference; lastKnownFileType = folder.assetcatalog; path = Assets.xcassets; sourceTree = "<group>"; };
		FF9B5B7A22085C1C0022B945 /* Base */ = {isa = PBXFileReference; lastKnownFileType = file.storyboard; name = Base; path = Base.lproj/LaunchScreen.storyboard; sourceTree = "<group>"; };
		FF9B5B7C22085C1C0022B945 /* Info.plist */ = {isa = PBXFileReference; lastKnownFileType = text.plist.xml; path = Info.plist; sourceTree = "<group>"; };
/* End PBXFileReference section */

/* Begin PBXFrameworksBuildPhase section */
		FF9B5B6822085C1B0022B945 /* Frameworks */ = {
			isa = PBXFrameworksBuildPhase;
			buildActionMask = 2147483647;
			files = (
			);
			runOnlyForDeploymentPostprocessing = 0;
		};
/* End PBXFrameworksBuildPhase section */

/* Begin PBXGroup section */
		FF9B5B6222085C1B0022B945 = {
			isa = PBXGroup;
			children = (
				FF9B5B6D22085C1B0022B945 /* JumpyLane */,
				FF9B5B6C22085C1B0022B945 /* Products */,
			);
			sourceTree = "<group>";
		};
		FF9B5B6C22085C1B0022B945 /* Products */ = {
			isa = PBXGroup;
			children = (
				FF9B5B6B22085C1B0022B945 /* JumpyLane.app */,
			);
			name = Products;
			sourceTree = "<group>";
		};
		FF9B5B6D22085C1B0022B945 /* JumpyLane */ = {
			isa = PBXGroup;
			children = (
				FF1B52412209D25800BB3F03 /* 8-BIT WONDER.TTF */,
				FF9B5B6E22085C1B0022B945 /* AppDelegate.swift */,
				FF9B5B7022085C1B0022B945 /* art.scnassets */,
				FF9B5B7222085C1B0022B945 /* GameViewController.swift */,
				FF1B52432209D2C200BB3F03 /* GameHUD.swift */,
				FF1B523F2209C6D600BB3F03 /* CollisionNode.swift */,
				FF1B523D22099FD800BB3F03 /* Utils.swift */,
				FF1B523B22099C1B00BB3F03 /* LaneNode.swift */,
				FF9B5B7422085C1B0022B945 /* Main.storyboard */,
				FF9B5B7722085C1C0022B945 /* Assets.xcassets */,
				FF9B5B7922085C1C0022B945 /* LaunchScreen.storyboard */,
				FF9B5B7C22085C1C0022B945 /* Info.plist */,
			);
			path = JumpyLane;
			sourceTree = "<group>";
		};
/* End PBXGroup section */

/* Begin PBXNativeTarget section */
		FF9B5B6A22085C1B0022B945 /* JumpyLane */ = {
			isa = PBXNativeTarget;
			buildConfigurationList = FF9B5B7F22085C1C0022B945 /* Build configuration list for PBXNativeTarget "JumpyLane" */;
			buildPhases = (
				FF9B5B6722085C1B0022B945 /* Sources */,
				FF9B5B6822085C1B0022B945 /* Frameworks */,
				FF9B5B6922085C1B0022B945 /* Resources */,
			);
			buildRules = (
			);
			dependencies = (
			);
			name = JumpyLane;
			productName = JumpyLane;
			productReference = FF9B5B6B22085C1B0022B945 /* JumpyLane.app */;
			productType = "com.apple.product-type.application";
		};
/* End PBXNativeTarget section */

/* Begin PBXProject section */
		FF9B5B6322085C1B0022B945 /* Project object */ = {
			isa = PBXProject;
			attributes = {
				LastSwiftUpdateCheck = 1010;
				LastUpgradeCheck = 1010;
				ORGANIZATIONNAME = "Azhar Anwar";
				TargetAttributes = {
					FF9B5B6A22085C1B0022B945 = {
						CreatedOnToolsVersion = 10.1;
					};
				};
			};
			buildConfigurationList = FF9B5B6622085C1B0022B945 /* Build configuration list for PBXProject "JumpyLane" */;
			compatibilityVersion = "Xcode 9.3";
			developmentRegion = en;
			hasScannedForEncodings = 0;
			knownRegions = (
				en,
				Base,
			);
			mainGroup = FF9B5B6222085C1B0022B945;
			productRefGroup = FF9B5B6C22085C1B0022B945 /* Products */;
			projectDirPath = "";
			projectRoot = "";
			targets = (
				FF9B5B6A22085C1B0022B945 /* JumpyLane */,
			);
		};
/* End PBXProject section */

/* Begin PBXResourcesBuildPhase section */
		FF9B5B6922085C1B0022B945 /* Resources */ = {
			isa = PBXResourcesBuildPhase;
			buildActionMask = 2147483647;
			files = (
				FF9B5B7122085C1B0022B945 /* art.scnassets in Resources */,
				FF9B5B7B22085C1C0022B945 /* LaunchScreen.storyboard in Resources */,
				FF9B5B7822085C1C0022B945 /* Assets.xcassets in Resources */,
				FF1B52422209D26A00BB3F03 /* 8-BIT WONDER.TTF in Resources */,
				FF9B5B7622085C1B0022B945 /* Main.storyboard in Resources */,
			);
			runOnlyForDeploymentPostprocessing = 0;
		};
/* End PBXResourcesBuildPhase section */

/* Begin PBXSourcesBuildPhase section */
		FF9B5B6722085C1B0022B945 /* Sources */ = {
			isa = PBXSourcesBuildPhase;
			buildActionMask = 2147483647;
			files = (
				FF1B523C22099C1B00BB3F03 /* LaneNode.swift in Sources */,
				FF1B52442209D2C200BB3F03 /* GameHUD.swift in Sources */,
				FF9B5B7322085C1B0022B945 /* GameViewController.swift in Sources */,
				FF9B5B6F22085C1B0022B945 /* AppDelegate.swift in Sources */,
				FF1B52402209C6D600BB3F03 /* CollisionNode.swift in Sources */,
				FF1B523E22099FD800BB3F03 /* Utils.swift in Sources */,
			);
			runOnlyForDeploymentPostprocessing = 0;
		};
/* End PBXSourcesBuildPhase section */

/* Begin PBXVariantGroup section */
		FF9B5B7422085C1B0022B945 /* Main.storyboard */ = {
			isa = PBXVariantGroup;
			children = (
				FF9B5B7522085C1B0022B945 /* Base */,
			);
			name = Main.storyboard;
			sourceTree = "<group>";
		};
		FF9B5B7922085C1C0022B945 /* LaunchScreen.storyboard */ = {
			isa = PBXVariantGroup;
			children = (
				FF9B5B7A22085C1C0022B945 /* Base */,
			);
			name = LaunchScreen.storyboard;
			sourceTree = "<group>";
		};
/* End PBXVariantGroup section */

/* Begin XCBuildConfiguration section */
		FF9B5B7D22085C1C0022B945 /* Debug */ = {
			isa = XCBuildConfiguration;
			buildSettings = {
				ALWAYS_SEARCH_USER_PATHS = NO;
				CLANG_ANALYZER_NONNULL = YES;
				CLANG_ANALYZER_NUMBER_OBJECT_CONVERSION = YES_AGGRESSIVE;
				CLANG_CXX_LANGUAGE_STANDARD = "gnu++14";
				CLANG_CXX_LIBRARY = "libc++";
				CLANG_ENABLE_MODULES = YES;
				CLANG_ENABLE_OBJC_ARC = YES;
				CLANG_ENABLE_OBJC_WEAK = YES;
				CLANG_WARN_BLOCK_CAPTURE_AUTORELEASING = YES;
				CLANG_WARN_BOOL_CONVERSION = YES;
				CLANG_WARN_COMMA = YES;
				CLANG_WARN_CONSTANT_CONVERSION = YES;
				CLANG_WARN_DEPRECATED_OBJC_IMPLEMENTATIONS = YES;
				CLANG_WARN_DIRECT_OBJC_ISA_USAGE = YES_ERROR;
				CLANG_WARN_DOCUMENTATION_COMMENTS = YES;
				CLANG_WARN_EMPTY_BODY = YES;
				CLANG_WARN_ENUM_CONVERSION = YES;
				CLANG_WARN_INFINITE_RECURSION = YES;
				CLANG_WARN_INT_CONVERSION = YES;
				CLANG_WARN_NON_LITERAL_NULL_CONVERSION = YES;
				CLANG_WARN_OBJC_IMPLICIT_RETAIN_SELF = YES;
				CLANG_WARN_OBJC_LITERAL_CONVERSION = YES;
				CLANG_WARN_OBJC_ROOT_CLASS = YES_ERROR;
				CLANG_WARN_RANGE_LOOP_ANALYSIS = YES;
				CLANG_WARN_STRICT_PROTOTYPES = YES;
				CLANG_WARN_SUSPICIOUS_MOVE = YES;
				CLANG_WARN_UNGUARDED_AVAILABILITY = YES_AGGRESSIVE;
				CLANG_WARN_UNREACHABLE_CODE = YES;
				CLANG_WARN__DUPLICATE_METHOD_MATCH = YES;
				CODE_SIGN_IDENTITY = "iPhone Developer";
				COPY_PHASE_STRIP = NO;
				DEBUG_INFORMATION_FORMAT = dwarf;
				ENABLE_STRICT_OBJC_MSGSEND = YES;
				ENABLE_TESTABILITY = YES;
				GCC_C_LANGUAGE_STANDARD = gnu11;
				GCC_DYNAMIC_NO_PIC = NO;
				GCC_NO_COMMON_BLOCKS = YES;
				GCC_OPTIMIZATION_LEVEL = 0;
				GCC_PREPROCESSOR_DEFINITIONS = (
					"DEBUG=1",
					"$(inherited)",
				);
				GCC_WARN_64_TO_32_BIT_CONVERSION = YES;
				GCC_WARN_ABOUT_RETURN_TYPE = YES_ERROR;
				GCC_WARN_UNDECLARED_SELECTOR = YES;
				GCC_WARN_UNINITIALIZED_AUTOS = YES_AGGRESSIVE;
				GCC_WARN_UNUSED_FUNCTION = YES;
				GCC_WARN_UNUSED_VARIABLE = YES;
				IPHONEOS_DEPLOYMENT_TARGET = 12.1;
				MTL_ENABLE_DEBUG_INFO = INCLUDE_SOURCE;
				MTL_FAST_MATH = YES;
				ONLY_ACTIVE_ARCH = YES;
				SDKROOT = iphoneos;
				SWIFT_ACTIVE_COMPILATION_CONDITIONS = DEBUG;
				SWIFT_OPTIMIZATION_LEVEL = "-Onone";
			};
			name = Debug;
		};
		FF9B5B7E22085C1C0022B945 /* Release */ = {
			isa = XCBuildConfiguration;
			buildSettings = {
				ALWAYS_SEARCH_USER_PATHS = NO;
				CLANG_ANALYZER_NONNULL = YES;
				CLANG_ANALYZER_NUMBER_OBJECT_CONVERSION = YES_AGGRESSIVE;
				CLANG_CXX_LANGUAGE_STANDARD = "gnu++14";
				CLANG_CXX_LIBRARY = "libc++";
				CLANG_ENABLE_MODULES = YES;
				CLANG_ENABLE_OBJC_ARC = YES;
				CLANG_ENABLE_OBJC_WEAK = YES;
				CLANG_WARN_BLOCK_CAPTURE_AUTORELEASING = YES;
				CLANG_WARN_BOOL_CONVERSION = YES;
				CLANG_WARN_COMMA = YES;
				CLANG_WARN_CONSTANT_CONVERSION = YES;
				CLANG_WARN_DEPRECATED_OBJC_IMPLEMENTATIONS = YES;
				CLANG_WARN_DIRECT_OBJC_ISA_USAGE = YES_ERROR;
				CLANG_WARN_DOCUMENTATION_COMMENTS = YES;
				CLANG_WARN_EMPTY_BODY = YES;
				CLANG_WARN_ENUM_CONVERSION = YES;
				CLANG_WARN_INFINITE_RECURSION = YES;
				CLANG_WARN_INT_CONVERSION = YES;
				CLANG_WARN_NON_LITERAL_NULL_CONVERSION = YES;
				CLANG_WARN_OBJC_IMPLICIT_RETAIN_SELF = YES;
				CLANG_WARN_OBJC_LITERAL_CONVERSION = YES;
				CLANG_WARN_OBJC_ROOT_CLASS = YES_ERROR;
				CLANG_WARN_RANGE_LOOP_ANALYSIS = YES;
				CLANG_WARN_STRICT_PROTOTYPES = YES;
				CLANG_WARN_SUSPICIOUS_MOVE = YES;
				CLANG_WARN_UNGUARDED_AVAILABILITY = YES_AGGRESSIVE;
				CLANG_WARN_UNREACHABLE_CODE = YES;
				CLANG_WARN__DUPLICATE_METHOD_MATCH = YES;
				CODE_SIGN_IDENTITY = "iPhone Developer";
				COPY_PHASE_STRIP = NO;
				DEBUG_INFORMATION_FORMAT = "dwarf-with-dsym";
				ENABLE_NS_ASSERTIONS = NO;
				ENABLE_STRICT_OBJC_MSGSEND = YES;
				GCC_C_LANGUAGE_STANDARD = gnu11;
				GCC_NO_COMMON_BLOCKS = YES;
				GCC_WARN_64_TO_32_BIT_CONVERSION = YES;
				GCC_WARN_ABOUT_RETURN_TYPE = YES_ERROR;
				GCC_WARN_UNDECLARED_SELECTOR = YES;
				GCC_WARN_UNINITIALIZED_AUTOS = YES_AGGRESSIVE;
				GCC_WARN_UNUSED_FUNCTION = YES;
				GCC_WARN_UNUSED_VARIABLE = YES;
				IPHONEOS_DEPLOYMENT_TARGET = 12.1;
				MTL_ENABLE_DEBUG_INFO = NO;
				MTL_FAST_MATH = YES;
				SDKROOT = iphoneos;
				SWIFT_COMPILATION_MODE = wholemodule;
				SWIFT_OPTIMIZATION_LEVEL = "-O";
				VALIDATE_PRODUCT = YES;
			};
			name = Release;
		};
		FF9B5B8022085C1C0022B945 /* Debug */ = {
			isa = XCBuildConfiguration;
			buildSettings = {
				ASSETCATALOG_COMPILER_APPICON_NAME = AppIcon;
				CODE_SIGN_STYLE = Automatic;
				DEVELOPMENT_TEAM = RD7HUSH4T7;
				INFOPLIST_FILE = JumpyLane/Info.plist;
				LD_RUNPATH_SEARCH_PATHS = (
					"$(inherited)",
					"@executable_path/Frameworks",
				);
				PRODUCT_BUNDLE_IDENTIFIER = com.azhar.JumpyLane;
				PRODUCT_NAME = "$(TARGET_NAME)";
				SWIFT_VERSION = 4.2;
				TARGETED_DEVICE_FAMILY = "1,2";
			};
			name = Debug;
		};
		FF9B5B8122085C1C0022B945 /* Release */ = {
			isa = XCBuildConfiguration;
			buildSettings = {
				ASSETCATALOG_COMPILER_APPICON_NAME = AppIcon;
				CODE_SIGN_STYLE = Automatic;
				DEVELOPMENT_TEAM = RD7HUSH4T7;
				INFOPLIST_FILE = JumpyLane/Info.plist;
				LD_RUNPATH_SEARCH_PATHS = (
					"$(inherited)",
					"@executable_path/Frameworks",
				);
				PRODUCT_BUNDLE_IDENTIFIER = com.azhar.JumpyLane;
				PRODUCT_NAME = "$(TARGET_NAME)";
				SWIFT_VERSION = 4.2;
				TARGETED_DEVICE_FAMILY = "1,2";
			};
			name = Release;
		};
/* End XCBuildConfiguration section */

/* Begin XCConfigurationList section */
		FF9B5B6622085C1B0022B945 /* Build configuration list for PBXProject "JumpyLane" */ = {
			isa = XCConfigurationList;
			buildConfigurations = (
				FF9B5B7D22085C1C0022B945 /* Debug */,
				FF9B5B7E22085C1C0022B945 /* Release */,
			);
			defaultConfigurationIsVisible = 0;
			defaultConfigurationName = Release;
		};
		FF9B5B7F22085C1C0022B945 /* Build configuration list for PBXNativeTarget "JumpyLane" */ = {
			isa = XCConfigurationList;
			buildConfigurations = (
				FF9B5B8022085C1C0022B945 /* Debug */,
				FF9B5B8122085C1C0022B945 /* Release */,
			);
			defaultConfigurationIsVisible = 0;
			defaultConfigurationName = Release;
		};
/* End XCConfigurationList section */
	};
	rootObject = FF9B5B6322085C1B0022B945 /* Project object */;
}
